// !$*UTF8*$!
{
	archiveVersion = 1;
	classes = {
	};
	objectVersion = 56;
	objects = {

/* Begin PBXBuildFile section */
		945F2ECA292D216A00C4B7E1 /* AniminationView.swift in Sources */ = {isa = PBXBuildFile; fileRef = 945F2EC9292D216A00C4B7E1 /* AniminationView.swift */; };
		946FD6C5292D1A2700BE1229 /* HomeScreenView.swift in Sources */ = {isa = PBXBuildFile; fileRef = 946FD6C4292D1A2700BE1229 /* HomeScreenView.swift */; };
		9480D72928F066C000A6C0F1 /* FinalProjectSwiftApp.swift in Sources */ = {isa = PBXBuildFile; fileRef = 9480D72828F066C000A6C0F1 /* FinalProjectSwiftApp.swift */; };
		9480D72B28F066C000A6C0F1 /* ContentView.swift in Sources */ = {isa = PBXBuildFile; fileRef = 9480D72A28F066C000A6C0F1 /* ContentView.swift */; };
		9480D72D28F066C100A6C0F1 /* Assets.xcassets in Resources */ = {isa = PBXBuildFile; fileRef = 9480D72C28F066C100A6C0F1 /* Assets.xcassets */; };
		9480D73028F066C100A6C0F1 /* Preview Assets.xcassets in Resources */ = {isa = PBXBuildFile; fileRef = 9480D72F28F066C100A6C0F1 /* Preview Assets.xcassets */; };
		9480D73A28F066C200A6C0F1 /* FinalProjectSwiftTests.swift in Sources */ = {isa = PBXBuildFile; fileRef = 9480D73928F066C200A6C0F1 /* FinalProjectSwiftTests.swift */; };
		9480D74428F066C200A6C0F1 /* FinalProjectSwiftUITests.swift in Sources */ = {isa = PBXBuildFile; fileRef = 9480D74328F066C200A6C0F1 /* FinalProjectSwiftUITests.swift */; };
		9480D74628F066C200A6C0F1 /* FinalProjectSwiftUITestsLaunchTests.swift in Sources */ = {isa = PBXBuildFile; fileRef = 9480D74528F066C200A6C0F1 /* FinalProjectSwiftUITestsLaunchTests.swift */; };
/* End PBXBuildFile section */

/* Begin PBXContainerItemProxy section */
		9480D73628F066C200A6C0F1 /* PBXContainerItemProxy */ = {
			isa = PBXContainerItemProxy;
			containerPortal = 9480D71D28F066C000A6C0F1 /* Project object */;
			proxyType = 1;
			remoteGlobalIDString = 9480D72428F066C000A6C0F1;
			remoteInfo = FinalProjectSwift;
		};
		9480D74028F066C200A6C0F1 /* PBXContainerItemProxy */ = {
			isa = PBXContainerItemProxy;
			containerPortal = 9480D71D28F066C000A6C0F1 /* Project object */;
			proxyType = 1;
			remoteGlobalIDString = 9480D72428F066C000A6C0F1;
			remoteInfo = FinalProjectSwift;
		};
/* End PBXContainerItemProxy section */

/* Begin PBXFileReference section */
		945F2EC9292D216A00C4B7E1 /* AniminationView.swift */ = {isa = PBXFileReference; lastKnownFileType = sourcecode.swift; path = AniminationView.swift; sourceTree = "<group>"; };
		946FD6C4292D1A2700BE1229 /* HomeScreenView.swift */ = {isa = PBXFileReference; lastKnownFileType = sourcecode.swift; path = HomeScreenView.swift; sourceTree = "<group>"; };
		9480D72528F066C000A6C0F1 /* FinalProjectSwift.app */ = {isa = PBXFileReference; explicitFileType = wrapper.application; includeInIndex = 0; path = FinalProjectSwift.app; sourceTree = BUILT_PRODUCTS_DIR; };
		9480D72828F066C000A6C0F1 /* FinalProjectSwiftApp.swift */ = {isa = PBXFileReference; lastKnownFileType = sourcecode.swift; path = FinalProjectSwiftApp.swift; sourceTree = "<group>"; };
		9480D72A28F066C000A6C0F1 /* ContentView.swift */ = {isa = PBXFileReference; lastKnownFileType = sourcecode.swift; path = ContentView.swift; sourceTree = "<group>"; };
		9480D72C28F066C100A6C0F1 /* Assets.xcassets */ = {isa = PBXFileReference; lastKnownFileType = folder.assetcatalog; path = Assets.xcassets; sourceTree = "<group>"; };
		9480D72F28F066C100A6C0F1 /* Preview Assets.xcassets */ = {isa = PBXFileReference; lastKnownFileType = folder.assetcatalog; path = "Preview Assets.xcassets"; sourceTree = "<group>"; };
		9480D73528F066C200A6C0F1 /* FinalProjectSwiftTests.xctest */ = {isa = PBXFileReference; explicitFileType = wrapper.cfbundle; includeInIndex = 0; path = FinalProjectSwiftTests.xctest; sourceTree = BUILT_PRODUCTS_DIR; };
		9480D73928F066C200A6C0F1 /* FinalProjectSwiftTests.swift */ = {isa = PBXFileReference; lastKnownFileType = sourcecode.swift; path = FinalProjectSwiftTests.swift; sourceTree = "<group>"; };
		9480D73F28F066C200A6C0F1 /* FinalProjectSwiftUITests.xctest */ = {isa = PBXFileReference; explicitFileType = wrapper.cfbundle; includeInIndex = 0; path = FinalProjectSwiftUITests.xctest; sourceTree = BUILT_PRODUCTS_DIR; };
		9480D74328F066C200A6C0F1 /* FinalProjectSwiftUITests.swift */ = {isa = PBXFileReference; lastKnownFileType = sourcecode.swift; path = FinalProjectSwiftUITests.swift; sourceTree = "<group>"; };
		9480D74528F066C200A6C0F1 /* FinalProjectSwiftUITestsLaunchTests.swift */ = {isa = PBXFileReference; lastKnownFileType = sourcecode.swift; path = FinalProjectSwiftUITestsLaunchTests.swift; sourceTree = "<group>"; };
/* End PBXFileReference section */

/* Begin PBXFrameworksBuildPhase section */
		9480D72228F066C000A6C0F1 /* Frameworks */ = {
			isa = PBXFrameworksBuildPhase;
			buildActionMask = 2147483647;
			files = (
			);
			runOnlyForDeploymentPostprocessing = 0;
		};
		9480D73228F066C200A6C0F1 /* Frameworks */ = {
			isa = PBXFrameworksBuildPhase;
			buildActionMask = 2147483647;
			files = (
			);
			runOnlyForDeploymentPostprocessing = 0;
		};
		9480D73C28F066C200A6C0F1 /* Frameworks */ = {
			isa = PBXFrameworksBuildPhase;
			buildActionMask = 2147483647;
			files = (
			);
			runOnlyForDeploymentPostprocessing = 0;
		};
/* End PBXFrameworksBuildPhase section */

/* Begin PBXGroup section */
		945F2EC8292D213A00C4B7E1 /* AniminationView */ = {
			isa = PBXGroup;
			children = (
				945F2EC9292D216A00C4B7E1 /* AniminationView.swift */,
			);
			path = AniminationView;
			sourceTree = "<group>";
		};
		9480D71C28F066C000A6C0F1 = {
			isa = PBXGroup;
			children = (
				9480D72728F066C000A6C0F1 /* FinalProjectSwift */,
				9480D73828F066C200A6C0F1 /* FinalProjectSwiftTests */,
				9480D74228F066C200A6C0F1 /* FinalProjectSwiftUITests */,
				9480D72628F066C000A6C0F1 /* Products */,
			);
			sourceTree = "<group>";
		};
		9480D72628F066C000A6C0F1 /* Products */ = {
			isa = PBXGroup;
			children = (
				9480D72528F066C000A6C0F1 /* FinalProjectSwift.app */,
				9480D73528F066C200A6C0F1 /* FinalProjectSwiftTests.xctest */,
				9480D73F28F066C200A6C0F1 /* FinalProjectSwiftUITests.xctest */,
			);
			name = Products;
			sourceTree = "<group>";
		};
		9480D72728F066C000A6C0F1 /* FinalProjectSwift */ = {
			isa = PBXGroup;
			children = (
				945F2EC8292D213A00C4B7E1 /* AniminationView */,
				9480D75228F066CB00A6C0F1 /* Recources */,
				9480D72A28F066C000A6C0F1 /* ContentView.swift */,
				9480D72E28F066C100A6C0F1 /* Preview Content */,
			);
			path = FinalProjectSwift;
			sourceTree = "<group>";
		};
		9480D72E28F066C100A6C0F1 /* Preview Content */ = {
			isa = PBXGroup;
			children = (
				9480D72F28F066C100A6C0F1 /* Preview Assets.xcassets */,
			);
			path = "Preview Content";
			sourceTree = "<group>";
		};
		9480D73828F066C200A6C0F1 /* FinalProjectSwiftTests */ = {
			isa = PBXGroup;
			children = (
				9480D73928F066C200A6C0F1 /* FinalProjectSwiftTests.swift */,
			);
			path = FinalProjectSwiftTests;
			sourceTree = "<group>";
		};
		9480D74228F066C200A6C0F1 /* FinalProjectSwiftUITests */ = {
			isa = PBXGroup;
			children = (
				9480D74328F066C200A6C0F1 /* FinalProjectSwiftUITests.swift */,
				9480D74528F066C200A6C0F1 /* FinalProjectSwiftUITestsLaunchTests.swift */,
			);
			path = FinalProjectSwiftUITests;
			sourceTree = "<group>";
		};
		9480D75228F066CB00A6C0F1 /* Recources */ = {
			isa = PBXGroup;
			children = (
				9480D72828F066C000A6C0F1 /* FinalProjectSwiftApp.swift */,
				9480D72C28F066C100A6C0F1 /* Assets.xcassets */,
				946FD6C4292D1A2700BE1229 /* HomeScreenView.swift */,
			);
			path = Recources;
			sourceTree = "<group>";
		};
/* End PBXGroup section */

/* Begin PBXNativeTarget section */
		9480D72428F066C000A6C0F1 /* FinalProjectSwift */ = {
			isa = PBXNativeTarget;
			buildConfigurationList = 9480D74928F066C200A6C0F1 /* Build configuration list for PBXNativeTarget "FinalProjectSwift" */;
			buildPhases = (
				9480D72128F066C000A6C0F1 /* Sources */,
				9480D72228F066C000A6C0F1 /* Frameworks */,
				9480D72328F066C000A6C0F1 /* Resources */,
			);
			buildRules = (
			);
			dependencies = (
			);
			name = FinalProjectSwift;
			productName = FinalProjectSwift;
			productReference = 9480D72528F066C000A6C0F1 /* FinalProjectSwift.app */;
			productType = "com.apple.product-type.application";
		};
		9480D73428F066C200A6C0F1 /* FinalProjectSwiftTests */ = {
			isa = PBXNativeTarget;
			buildConfigurationList = 9480D74C28F066C200A6C0F1 /* Build configuration list for PBXNativeTarget "FinalProjectSwiftTests" */;
			buildPhases = (
				9480D73128F066C200A6C0F1 /* Sources */,
				9480D73228F066C200A6C0F1 /* Frameworks */,
				9480D73328F066C200A6C0F1 /* Resources */,
			);
			buildRules = (
			);
			dependencies = (
				9480D73728F066C200A6C0F1 /* PBXTargetDependency */,
			);
			name = FinalProjectSwiftTests;
			productName = FinalProjectSwiftTests;
			productReference = 9480D73528F066C200A6C0F1 /* FinalProjectSwiftTests.xctest */;
			productType = "com.apple.product-type.bundle.unit-test";
		};
		9480D73E28F066C200A6C0F1 /* FinalProjectSwiftUITests */ = {
			isa = PBXNativeTarget;
			buildConfigurationList = 9480D74F28F066C200A6C0F1 /* Build configuration list for PBXNativeTarget "FinalProjectSwiftUITests" */;
			buildPhases = (
				9480D73B28F066C200A6C0F1 /* Sources */,
				9480D73C28F066C200A6C0F1 /* Frameworks */,
				9480D73D28F066C200A6C0F1 /* Resources */,
			);
			buildRules = (
			);
			dependencies = (
				9480D74128F066C200A6C0F1 /* PBXTargetDependency */,
			);
			name = FinalProjectSwiftUITests;
			productName = FinalProjectSwiftUITests;
			productReference = 9480D73F28F066C200A6C0F1 /* FinalProjectSwiftUITests.xctest */;
			productType = "com.apple.product-type.bundle.ui-testing";
		};
/* End PBXNativeTarget section */

/* Begin PBXProject section */
		9480D71D28F066C000A6C0F1 /* Project object */ = {
			isa = PBXProject;
			attributes = {
				BuildIndependentTargetsInParallel = 1;
				LastSwiftUpdateCheck = 1400;
				LastUpgradeCheck = 1400;
				TargetAttributes = {
					9480D72428F066C000A6C0F1 = {
						CreatedOnToolsVersion = 14.0.1;
					};
					9480D73428F066C200A6C0F1 = {
						CreatedOnToolsVersion = 14.0.1;
						TestTargetID = 9480D72428F066C000A6C0F1;
					};
					9480D73E28F066C200A6C0F1 = {
						CreatedOnToolsVersion = 14.0.1;
						TestTargetID = 9480D72428F066C000A6C0F1;
					};
				};
			};
			buildConfigurationList = 9480D72028F066C000A6C0F1 /* Build configuration list for PBXProject "FinalProjectSwift" */;
			compatibilityVersion = "Xcode 14.0";
			developmentRegion = en;
			hasScannedForEncodings = 0;
			knownRegions = (
				en,
				Base,
			);
			mainGroup = 9480D71C28F066C000A6C0F1;
			productRefGroup = 9480D72628F066C000A6C0F1 /* Products */;
			projectDirPath = "";
			projectRoot = "";
			targets = (
				9480D72428F066C000A6C0F1 /* FinalProjectSwift */,
				9480D73428F066C200A6C0F1 /* FinalProjectSwiftTests */,
				9480D73E28F066C200A6C0F1 /* FinalProjectSwiftUITests */,
			);
		};
/* End PBXProject section */

/* Begin PBXResourcesBuildPhase section */
		9480D72328F066C000A6C0F1 /* Resources */ = {
			isa = PBXResourcesBuildPhase;
			buildActionMask = 2147483647;
			files = (
				9480D73028F066C100A6C0F1 /* Preview Assets.xcassets in Resources */,
				9480D72D28F066C100A6C0F1 /* Assets.xcassets in Resources */,
			);
			runOnlyForDeploymentPostprocessing = 0;
		};
		9480D73328F066C200A6C0F1 /* Resources */ = {
			isa = PBXResourcesBuildPhase;
			buildActionMask = 2147483647;
			files = (
			);
			runOnlyForDeploymentPostprocessing = 0;
		};
		9480D73D28F066C200A6C0F1 /* Resources */ = {
			isa = PBXResourcesBuildPhase;
			buildActionMask = 2147483647;
			files = (
			);
			runOnlyForDeploymentPostprocessing = 0;
		};
/* End PBXResourcesBuildPhase section */

/* Begin PBXSourcesBuildPhase section */
		9480D72128F066C000A6C0F1 /* Sources */ = {
			isa = PBXSourcesBuildPhase;
			buildActionMask = 2147483647;
			files = (
				946FD6C5292D1A2700BE1229 /* HomeScreenView.swift in Sources */,
				9480D72B28F066C000A6C0F1 /* ContentView.swift in Sources */,
				945F2ECA292D216A00C4B7E1 /* AniminationView.swift in Sources */,
				9480D72928F066C000A6C0F1 /* FinalProjectSwiftApp.swift in Sources */,
			);
			runOnlyForDeploymentPostprocessing = 0;
		};
		9480D73128F066C200A6C0F1 /* Sources */ = {
			isa = PBXSourcesBuildPhase;
			buildActionMask = 2147483647;
			files = (
				9480D73A28F066C200A6C0F1 /* FinalProjectSwiftTests.swift in Sources */,
			);
			runOnlyForDeploymentPostprocessing = 0;
		};
		9480D73B28F066C200A6C0F1 /* Sources */ = {
			isa = PBXSourcesBuildPhase;
			buildActionMask = 2147483647;
			files = (
				9480D74428F066C200A6C0F1 /* FinalProjectSwiftUITests.swift in Sources */,
				9480D74628F066C200A6C0F1 /* FinalProjectSwiftUITestsLaunchTests.swift in Sources */,
			);
			runOnlyForDeploymentPostprocessing = 0;
		};
/* End PBXSourcesBuildPhase section */

/* Begin PBXTargetDependency section */
		9480D73728F066C200A6C0F1 /* PBXTargetDependency */ = {
			isa = PBXTargetDependency;
			target = 9480D72428F066C000A6C0F1 /* FinalProjectSwift */;
			targetProxy = 9480D73628F066C200A6C0F1 /* PBXContainerItemProxy */;
		};
		9480D74128F066C200A6C0F1 /* PBXTargetDependency */ = {
			isa = PBXTargetDependency;
			target = 9480D72428F066C000A6C0F1 /* FinalProjectSwift */;
			targetProxy = 9480D74028F066C200A6C0F1 /* PBXContainerItemProxy */;
		};
/* End PBXTargetDependency section */

/* Begin XCBuildConfiguration section */
		9480D74728F066C200A6C0F1 /* Debug */ = {
			isa = XCBuildConfiguration;
			buildSettings = {
				ALWAYS_SEARCH_USER_PATHS = NO;
				CLANG_ANALYZER_NONNULL = YES;
				CLANG_ANALYZER_NUMBER_OBJECT_CONVERSION = YES_AGGRESSIVE;
				CLANG_CXX_LANGUAGE_STANDARD = "gnu++20";
				CLANG_ENABLE_MODULES = YES;
				CLANG_ENABLE_OBJC_ARC = YES;
				CLANG_ENABLE_OBJC_WEAK = YES;
				CLANG_WARN_BLOCK_CAPTURE_AUTORELEASING = YES;
				CLANG_WARN_BOOL_CONVERSION = YES;
				CLANG_WARN_COMMA = YES;
				CLANG_WARN_CONSTANT_CONVERSION = YES;
				CLANG_WARN_DEPRECATED_OBJC_IMPLEMENTATIONS = YES;
				CLANG_WARN_DIRECT_OBJC_ISA_USAGE = YES_ERROR;
				CLANG_WARN_DOCUMENTATION_COMMENTS = YES;
				CLANG_WARN_EMPTY_BODY = YES;
				CLANG_WARN_ENUM_CONVERSION = YES;
				CLANG_WARN_INFINITE_RECURSION = YES;
				CLANG_WARN_INT_CONVERSION = YES;
				CLANG_WARN_NON_LITERAL_NULL_CONVERSION = YES;
				CLANG_WARN_OBJC_IMPLICIT_RETAIN_SELF = YES;
				CLANG_WARN_OBJC_LITERAL_CONVERSION = YES;
				CLANG_WARN_OBJC_ROOT_CLASS = YES_ERROR;
				CLANG_WARN_QUOTED_INCLUDE_IN_FRAMEWORK_HEADER = YES;
				CLANG_WARN_RANGE_LOOP_ANALYSIS = YES;
				CLANG_WARN_STRICT_PROTOTYPES = YES;
				CLANG_WARN_SUSPICIOUS_MOVE = YES;
				CLANG_WARN_UNGUARDED_AVAILABILITY = YES_AGGRESSIVE;
				CLANG_WARN_UNREACHABLE_CODE = YES;
				CLANG_WARN__DUPLICATE_METHOD_MATCH = YES;
				COPY_PHASE_STRIP = NO;
				DEBUG_INFORMATION_FORMAT = dwarf;
				ENABLE_STRICT_OBJC_MSGSEND = YES;
				ENABLE_TESTABILITY = YES;
				GCC_C_LANGUAGE_STANDARD = gnu11;
				GCC_DYNAMIC_NO_PIC = NO;
				GCC_NO_COMMON_BLOCKS = YES;
				GCC_OPTIMIZATION_LEVEL = 0;
				GCC_PREPROCESSOR_DEFINITIONS = (
					"DEBUG=1",
					"$(inherited)",
				);
				GCC_WARN_64_TO_32_BIT_CONVERSION = YES;
				GCC_WARN_ABOUT_RETURN_TYPE = YES_ERROR;
				GCC_WARN_UNDECLARED_SELECTOR = YES;
				GCC_WARN_UNINITIALIZED_AUTOS = YES_AGGRESSIVE;
				GCC_WARN_UNUSED_FUNCTION = YES;
				GCC_WARN_UNUSED_VARIABLE = YES;
				IPHONEOS_DEPLOYMENT_TARGET = 16.0;
				MTL_ENABLE_DEBUG_INFO = INCLUDE_SOURCE;
				MTL_FAST_MATH = YES;
				ONLY_ACTIVE_ARCH = YES;
				SDKROOT = iphoneos;
				SWIFT_ACTIVE_COMPILATION_CONDITIONS = DEBUG;
				SWIFT_OPTIMIZATION_LEVEL = "-Onone";
			};
			name = Debug;
		};
		9480D74828F066C200A6C0F1 /* Release */ = {
			isa = XCBuildConfiguration;
			buildSettings = {
				ALWAYS_SEARCH_USER_PATHS = NO;
				CLANG_ANALYZER_NONNULL = YES;
				CLANG_ANALYZER_NUMBER_OBJECT_CONVERSION = YES_AGGRESSIVE;
				CLANG_CXX_LANGUAGE_STANDARD = "gnu++20";
				CLANG_ENABLE_MODULES = YES;
				CLANG_ENABLE_OBJC_ARC = YES;
				CLANG_ENABLE_OBJC_WEAK = YES;
				CLANG_WARN_BLOCK_CAPTURE_AUTORELEASING = YES;
				CLANG_WARN_BOOL_CONVERSION = YES;
				CLANG_WARN_COMMA = YES;
				CLANG_WARN_CONSTANT_CONVERSION = YES;
				CLANG_WARN_DEPRECATED_OBJC_IMPLEMENTATIONS = YES;
				CLANG_WARN_DIRECT_OBJC_ISA_USAGE = YES_ERROR;
				CLANG_WARN_DOCUMENTATION_COMMENTS = YES;
				CLANG_WARN_EMPTY_BODY = YES;
				CLANG_WARN_ENUM_CONVERSION = YES;
				CLANG_WARN_INFINITE_RECURSION = YES;
				CLANG_WARN_INT_CONVERSION = YES;
				CLANG_WARN_NON_LITERAL_NULL_CONVERSION = YES;
				CLANG_WARN_OBJC_IMPLICIT_RETAIN_SELF = YES;
				CLANG_WARN_OBJC_LITERAL_CONVERSION = YES;
				CLANG_WARN_OBJC_ROOT_CLASS = YES_ERROR;
				CLANG_WARN_QUOTED_INCLUDE_IN_FRAMEWORK_HEADER = YES;
				CLANG_WARN_RANGE_LOOP_ANALYSIS = YES;
				CLANG_WARN_STRICT_PROTOTYPES = YES;
				CLANG_WARN_SUSPICIOUS_MOVE = YES;
				CLANG_WARN_UNGUARDED_AVAILABILITY = YES_AGGRESSIVE;
				CLANG_WARN_UNREACHABLE_CODE = YES;
				CLANG_WARN__DUPLICATE_METHOD_MATCH = YES;
				COPY_PHASE_STRIP = NO;
				DEBUG_INFORMATION_FORMAT = "dwarf-with-dsym";
				ENABLE_NS_ASSERTIONS = NO;
				ENABLE_STRICT_OBJC_MSGSEND = YES;
				GCC_C_LANGUAGE_STANDARD = gnu11;
				GCC_NO_COMMON_BLOCKS = YES;
				GCC_WARN_64_TO_32_BIT_CONVERSION = YES;
				GCC_WARN_ABOUT_RETURN_TYPE = YES_ERROR;
				GCC_WARN_UNDECLARED_SELECTOR = YES;
				GCC_WARN_UNINITIALIZED_AUTOS = YES_AGGRESSIVE;
				GCC_WARN_UNUSED_FUNCTION = YES;
				GCC_WARN_UNUSED_VARIABLE = YES;
				IPHONEOS_DEPLOYMENT_TARGET = 16.0;
				MTL_ENABLE_DEBUG_INFO = NO;
				MTL_FAST_MATH = YES;
				SDKROOT = iphoneos;
				SWIFT_COMPILATION_MODE = wholemodule;
				SWIFT_OPTIMIZATION_LEVEL = "-O";
				VALIDATE_PRODUCT = YES;
			};
			name = Release;
		};
		9480D74A28F066C200A6C0F1 /* Debug */ = {
			isa = XCBuildConfiguration;
			buildSettings = {
				ASSETCATALOG_COMPILER_APPICON_NAME = AppIcon;
				ASSETCATALOG_COMPILER_GLOBAL_ACCENT_COLOR_NAME = AccentColor;
				CODE_SIGN_STYLE = Automatic;
				CURRENT_PROJECT_VERSION = 1;
				DEVELOPMENT_ASSET_PATHS = "\"FinalProjectSwift/Preview Content\"";
				DEVELOPMENT_TEAM = K87377775L;
				ENABLE_PREVIEWS = YES;
				GENERATE_INFOPLIST_FILE = YES;
				INFOPLIST_KEY_UIApplicationSceneManifest_Generation = YES;
				INFOPLIST_KEY_UIApplicationSupportsIndirectInputEvents = YES;
				INFOPLIST_KEY_UILaunchScreen_Generation = YES;
				INFOPLIST_KEY_UISupportedInterfaceOrientations_iPad = "UIInterfaceOrientationPortrait UIInterfaceOrientationPortraitUpsideDown UIInterfaceOrientationLandscapeLeft UIInterfaceOrientationLandscapeRight";
				INFOPLIST_KEY_UISupportedInterfaceOrientations_iPhone = "UIInterfaceOrientationPortrait UIInterfaceOrientationLandscapeLeft UIInterfaceOrientationLandscapeRight";
				LD_RUNPATH_SEARCH_PATHS = (
					"$(inherited)",
					"@executable_path/Frameworks",
				);
				MARKETING_VERSION = 1.0;
				PRODUCT_BUNDLE_IDENTIFIER = CTEC.FinalProjectSwift;
				PRODUCT_NAME = "$(TARGET_NAME)";
				SWIFT_EMIT_LOC_STRINGS = YES;
				SWIFT_VERSION = 5.0;
				TARGETED_DEVICE_FAMILY = "1,2";
			};
			name = Debug;
		};
		9480D74B28F066C200A6C0F1 /* Release */ = {
			isa = XCBuildConfiguration;
			buildSettings = {
				ASSETCATALOG_COMPILER_APPICON_NAME = AppIcon;
				ASSETCATALOG_COMPILER_GLOBAL_ACCENT_COLOR_NAME = AccentColor;
				CODE_SIGN_STYLE = Automatic;
				CURRENT_PROJECT_VERSION = 1;
				DEVELOPMENT_ASSET_PATHS = "\"FinalProjectSwift/Preview Content\"";
				DEVELOPMENT_TEAM = K87377775L;
				ENABLE_PREVIEWS = YES;
				GENERATE_INFOPLIST_FILE = YES;
				INFOPLIST_KEY_UIApplicationSceneManifest_Generation = YES;
				INFOPLIST_KEY_UIApplicationSupportsIndirectInputEvents = YES;
				INFOPLIST_KEY_UILaunchScreen_Generation = YES;
				INFOPLIST_KEY_UISupportedInterfaceOrientations_iPad = "UIInterfaceOrientationPortrait UIInterfaceOrientationPortraitUpsideDown UIInterfaceOrientationLandscapeLeft UIInterfaceOrientationLandscapeRight";
				INFOPLIST_KEY_UISupportedInterfaceOrientations_iPhone = "UIInterfaceOrientationPortrait UIInterfaceOrientationLandscapeLeft UIInterfaceOrientationLandscapeRight";
				LD_RUNPATH_SEARCH_PATHS = (
					"$(inherited)",
					"@executable_path/Frameworks",
				);
				MARKETING_VERSION = 1.0;
				PRODUCT_BUNDLE_IDENTIFIER = CTEC.FinalProjectSwift;
				PRODUCT_NAME = "$(TARGET_NAME)";
				SWIFT_EMIT_LOC_STRINGS = YES;
				SWIFT_VERSION = 5.0;
				TARGETED_DEVICE_FAMILY = "1,2";
			};
			name = Release;
		};
		9480D74D28F066C200A6C0F1 /* Debug */ = {
			isa = XCBuildConfiguration;
			buildSettings = {
				ALWAYS_EMBED_SWIFT_STANDARD_LIBRARIES = YES;
				BUNDLE_LOADER = "$(TEST_HOST)";
				CODE_SIGN_STYLE = Automatic;
				CURRENT_PROJECT_VERSION = 1;
				DEVELOPMENT_TEAM = K87377775L;
				GENERATE_INFOPLIST_FILE = YES;
				IPHONEOS_DEPLOYMENT_TARGET = 16.0;
				MARKETING_VERSION = 1.0;
				PRODUCT_BUNDLE_IDENTIFIER = CTEC.FinalProjectSwiftTests;
				PRODUCT_NAME = "$(TARGET_NAME)";
				SWIFT_EMIT_LOC_STRINGS = NO;
				SWIFT_VERSION = 5.0;
				TARGETED_DEVICE_FAMILY = "1,2";
				TEST_HOST = "$(BUILT_PRODUCTS_DIR)/FinalProjectSwift.app/$(BUNDLE_EXECUTABLE_FOLDER_PATH)/FinalProjectSwift";
			};
			name = Debug;
		};
		9480D74E28F066C200A6C0F1 /* Release */ = {
			isa = XCBuildConfiguration;
			buildSettings = {
				ALWAYS_EMBED_SWIFT_STANDARD_LIBRARIES = YES;
				BUNDLE_LOADER = "$(TEST_HOST)";
				CODE_SIGN_STYLE = Automatic;
				CURRENT_PROJECT_VERSION = 1;
				DEVELOPMENT_TEAM = K87377775L;
				GENERATE_INFOPLIST_FILE = YES;
				IPHONEOS_DEPLOYMENT_TARGET = 16.0;
				MARKETING_VERSION = 1.0;
				PRODUCT_BUNDLE_IDENTIFIER = CTEC.FinalProjectSwiftTests;
				PRODUCT_NAME = "$(TARGET_NAME)";
				SWIFT_EMIT_LOC_STRINGS = NO;
				SWIFT_VERSION = 5.0;
				TARGETED_DEVICE_FAMILY = "1,2";
				TEST_HOST = "$(BUILT_PRODUCTS_DIR)/FinalProjectSwift.app/$(BUNDLE_EXECUTABLE_FOLDER_PATH)/FinalProjectSwift";
			};
			name = Release;
		};
		9480D75028F066C200A6C0F1 /* Debug */ = {
			isa = XCBuildConfiguration;
			buildSettings = {
				ALWAYS_EMBED_SWIFT_STANDARD_LIBRARIES = YES;
				CODE_SIGN_STYLE = Automatic;
				CURRENT_PROJECT_VERSION = 1;
				DEVELOPMENT_TEAM = K87377775L;
				GENERATE_INFOPLIST_FILE = YES;
				MARKETING_VERSION = 1.0;
				PRODUCT_BUNDLE_IDENTIFIER = CTEC.FinalProjectSwiftUITests;
				PRODUCT_NAME = "$(TARGET_NAME)";
				SWIFT_EMIT_LOC_STRINGS = NO;
				SWIFT_VERSION = 5.0;
				TARGETED_DEVICE_FAMILY = "1,2";
				TEST_TARGET_NAME = FinalProjectSwift;
			};
			name = Debug;
		};
		9480D75128F066C200A6C0F1 /* Release */ = {
			isa = XCBuildConfiguration;
			buildSettings = {
				ALWAYS_EMBED_SWIFT_STANDARD_LIBRARIES = YES;
				CODE_SIGN_STYLE = Automatic;
				CURRENT_PROJECT_VERSION = 1;
				DEVELOPMENT_TEAM = K87377775L;
				GENERATE_INFOPLIST_FILE = YES;
				MARKETING_VERSION = 1.0;
				PRODUCT_BUNDLE_IDENTIFIER = CTEC.FinalProjectSwiftUITests;
				PRODUCT_NAME = "$(TARGET_NAME)";
				SWIFT_EMIT_LOC_STRINGS = NO;
				SWIFT_VERSION = 5.0;
				TARGETED_DEVICE_FAMILY = "1,2";
				TEST_TARGET_NAME = FinalProjectSwift;
			};
			name = Release;
		};
/* End XCBuildConfiguration section */

/* Begin XCConfigurationList section */
		9480D72028F066C000A6C0F1 /* Build configuration list for PBXProject "FinalProjectSwift" */ = {
			isa = XCConfigurationList;
			buildConfigurations = (
				9480D74728F066C200A6C0F1 /* Debug */,
				9480D74828F066C200A6C0F1 /* Release */,
			);
			defaultConfigurationIsVisible = 0;
			defaultConfigurationName = Release;
		};
		9480D74928F066C200A6C0F1 /* Build configuration list for PBXNativeTarget "FinalProjectSwift" */ = {
			isa = XCConfigurationList;
			buildConfigurations = (
				9480D74A28F066C200A6C0F1 /* Debug */,
				9480D74B28F066C200A6C0F1 /* Release */,
			);
			defaultConfigurationIsVisible = 0;
			defaultConfigurationName = Release;
		};
		9480D74C28F066C200A6C0F1 /* Build configuration list for PBXNativeTarget "FinalProjectSwiftTests" */ = {
			isa = XCConfigurationList;
			buildConfigurations = (
				9480D74D28F066C200A6C0F1 /* Debug */,
				9480D74E28F066C200A6C0F1 /* Release */,
			);
			defaultConfigurationIsVisible = 0;
			defaultConfigurationName = Release;
		};
		9480D74F28F066C200A6C0F1 /* Build configuration list for PBXNativeTarget "FinalProjectSwiftUITests" */ = {
			isa = XCConfigurationList;
			buildConfigurations = (
				9480D75028F066C200A6C0F1 /* Debug */,
				9480D75128F066C200A6C0F1 /* Release */,
			);
			defaultConfigurationIsVisible = 0;
			defaultConfigurationName = Release;
		};
/* End XCConfigurationList section */
	};
	rootObject = 9480D71D28F066C000A6C0F1 /* Project object */;
}
